
Microsoft Visual Studio Solution File, Format Version 12.00
# Visual Studio Version 16
VisualStudioVersion = 16.0.30621.155
MinimumVisualStudioVersion = 10.0.40219.1
Project("{9A19103F-16F7-4668-BE54-9A1E7A4F7556}") = "CSPT", "CSPT\CSPT.csproj", "{2D3F05D3-0AA6-450C-879C-99CC9520FB75}"
EndProject
Project("{9A19103F-16F7-4668-BE54-9A1E7A4F7556}") = "CSPT.Data", "CSPT.Data\CSPT.Data.csproj", "{05B2D134-38E2-40E8-A345-CC699E699637}"
EndProject
Project("{FAE04EC0-301F-11D3-BF4B-00C04F79EFBC}") = "CSPT.Mongo", "CSPT.Mongo\CSPT.Mongo.csproj", "{7DEE7AC0-8392-4B55-B9A3-ED2D1B6B03FF}"
EndProject
Global
	GlobalSection(SolutionConfigurationPlatforms) = preSolution
		Debug|Any CPU = Debug|Any CPU
		Release|Any CPU = Release|Any CPU
	EndGlobalSection
	GlobalSection(ProjectConfigurationPlatforms) = postSolution
		{2D3F05D3-0AA6-450C-879C-99CC9520FB75}.Debug|Any CPU.ActiveCfg = Debug|Any CPU
		{2D3F05D3-0AA6-450C-879C-99CC9520FB75}.Debug|Any CPU.Build.0 = Debug|Any CPU
		{2D3F05D3-0AA6-450C-879C-99CC9520FB75}.Release|Any CPU.ActiveCfg = Release|Any CPU
		{2D3F05D3-0AA6-450C-879C-99CC9520FB75}.Release|Any CPU.Build.0 = Release|Any CPU
		{05B2D134-38E2-40E8-A345-CC699E699637}.Debug|Any CPU.ActiveCfg = Debug|Any CPU
		{05B2D134-38E2-40E8-A345-CC699E699637}.Debug|Any CPU.Build.0 = Debug|Any CPU
		{05B2D134-38E2-40E8-A345-CC699E699637}.Release|Any CPU.ActiveCfg = Release|Any CPU
		{05B2D134-38E2-40E8-A345-CC699E699637}.Release|Any CPU.Build.0 = Release|Any CPU
		{7DEE7AC0-8392-4B55-B9A3-ED2D1B6B03FF}.Debug|Any CPU.ActiveCfg = Debug|Any CPU
		{7DEE7AC0-8392-4B55-B9A3-ED2D1B6B03FF}.Debug|Any CPU.Build.0 = Debug|Any CPU
		{7DEE7AC0-8392-4B55-B9A3-ED2D1B6B03FF}.Release|Any CPU.ActiveCfg = Release|Any CPU
		{7DEE7AC0-8392-4B55-B9A3-ED2D1B6B03FF}.Release|Any CPU.Build.0 = Release|Any CPU
	EndGlobalSection
	GlobalSection(SolutionProperties) = preSolution
		HideSolutionNode = FALSE
	EndGlobalSection
	GlobalSection(ExtensibilityGlobals) = postSolution
		SolutionGuid = {67D56A95-A302-42CA-AB9E-A3626CF2402B}
	EndGlobalSection
EndGlobal
